// !$*UTF8*$!
{
	archiveVersion = 1;
	classes = {
	};
	objectVersion = 46;
	objects = {

/* Begin PBXBuildFile section */
		26F689611996BD8500F3C69C /* main.cpp in Sources */ = {isa = PBXBuildFile; fileRef = 26F689601996BD8500F3C69C /* main.cpp */; };
		26F689631996BD8500F3C69C /* Sudoku_Solver.1 in CopyFiles */ = {isa = PBXBuildFile; fileRef = 26F689621996BD8500F3C69C /* Sudoku_Solver.1 */; };
/* End PBXBuildFile section */

/* Begin PBXCopyFilesBuildPhase section */
		26F6895B1996BD8500F3C69C /* CopyFiles */ = {
			isa = PBXCopyFilesBuildPhase;
			buildActionMask = 2147483647;
			dstPath = /usr/share/man/man1/;
			dstSubfolderSpec = 0;
			files = (
				26F689631996BD8500F3C69C /* Sudoku_Solver.1 in CopyFiles */,
			);
			runOnlyForDeploymentPostprocessing = 1;
		};
/* End PBXCopyFilesBuildPhase section */

/* Begin PBXFileReference section */
		26F6895D1996BD8500F3C69C /* Sudoku Solver */ = {isa = PBXFileReference; explicitFileType = "compiled.mach-o.executable"; includeInIndex = 0; path = "Sudoku Solver"; sourceTree = BUILT_PRODUCTS_DIR; };
		26F689601996BD8500F3C69C /* main.cpp */ = {isa = PBXFileReference; lastKnownFileType = sourcecode.cpp.cpp; path = main.cpp; sourceTree = "<group>"; };
		26F689621996BD8500F3C69C /* Sudoku_Solver.1 */ = {isa = PBXFileReference; lastKnownFileType = text.man; path = Sudoku_Solver.1; sourceTree = "<group>"; };
/* End PBXFileReference section */

/* Begin PBXFrameworksBuildPhase section */
		26F6895A1996BD8500F3C69C /* Frameworks */ = {
			isa = PBXFrameworksBuildPhase;
			buildActionMask = 2147483647;
			files = (
			);
			runOnlyForDeploymentPostprocessing = 0;
		};
/* End PBXFrameworksBuildPhase section */

/* Begin PBXGroup section */
		26F689541996BD8500F3C69C = {
			isa = PBXGroup;
			children = (
				26F6895F1996BD8500F3C69C /* Sudoku Solver */,
				26F6895E1996BD8500F3C69C /* Products */,
			);
			sourceTree = "<group>";
		};
		26F6895E1996BD8500F3C69C /* Products */ = {
			isa = PBXGroup;
			children = (
				26F6895D1996BD8500F3C69C /* Sudoku Solver */,
			);
			name = Products;
			sourceTree = "<group>";
		};
		26F6895F1996BD8500F3C69C /* Sudoku Solver */ = {
			isa = PBXGroup;
			children = (
				26F689601996BD8500F3C69C /* main.cpp */,
				26F689621996BD8500F3C69C /* Sudoku_Solver.1 */,
			);
			path = "Sudoku Solver";
			sourceTree = "<group>";
		};
/* End PBXGroup section */

/* Begin PBXNativeTarget section */
		26F6895C1996BD8500F3C69C /* Sudoku Solver */ = {
			isa = PBXNativeTarget;
			buildConfigurationList = 26F689661996BD8500F3C69C /* Build configuration list for PBXNativeTarget "Sudoku Solver" */;
			buildPhases = (
				26F689591996BD8500F3C69C /* Sources */,
				26F6895A1996BD8500F3C69C /* Frameworks */,
				26F6895B1996BD8500F3C69C /* CopyFiles */,
			);
			buildRules = (
			);
			dependencies = (
			);
			name = "Sudoku Solver";
			productName = "Sudoku Solver";
			productReference = 26F6895D1996BD8500F3C69C /* Sudoku Solver */;
			productType = "com.apple.product-type.tool";
		};
/* End PBXNativeTarget section */

/* Begin PBXProject section */
		26F689551996BD8500F3C69C /* Project object */ = {
			isa = PBXProject;
			attributes = {
				LastUpgradeCheck = 0510;
				ORGANIZATIONNAME = "Brennan Goff Wallace";
			};
			buildConfigurationList = 26F689581996BD8500F3C69C /* Build configuration list for PBXProject "Sudoku Solver" */;
			compatibilityVersion = "Xcode 3.2";
			developmentRegion = English;
			hasScannedForEncodings = 0;
			knownRegions = (
				en,
			);
			mainGroup = 26F689541996BD8500F3C69C;
			productRefGroup = 26F6895E1996BD8500F3C69C /* Products */;
			projectDirPath = "";
			projectRoot = "";
			targets = (
				26F6895C1996BD8500F3C69C /* Sudoku Solver */,
			);
		};
/* End PBXProject section */

/* Begin PBXSourcesBuildPhase section */
		26F689591996BD8500F3C69C /* Sources */ = {
			isa = PBXSourcesBuildPhase;
			buildActionMask = 2147483647;
			files = (
				26F689611996BD8500F3C69C /* main.cpp in Sources */,
			);
			runOnlyForDeploymentPostprocessing = 0;
		};
/* End PBXSourcesBuildPhase section */

/* Begin XCBuildConfiguration section */
		26F689641996BD8500F3C69C /* Debug */ = {
			isa = XCBuildConfiguration;
			buildSettings = {
				ALWAYS_SEARCH_USER_PATHS = NO;
				CLANG_CXX_LANGUAGE_STANDARD = "gnu++0x";
				CLANG_CXX_LIBRARY = "libc++";
				CLANG_ENABLE_MODULES = YES;
				CLANG_ENABLE_OBJC_ARC = YES;
				CLANG_WARN_BOOL_CONVERSION = YES;
				CLANG_WARN_CONSTANT_CONVERSION = YES;
				CLANG_WARN_DIRECT_OBJC_ISA_USAGE = YES_ERROR;
				CLANG_WARN_EMPTY_BODY = YES;
				CLANG_WARN_ENUM_CONVERSION = YES;
				CLANG_WARN_INT_CONVERSION = YES;
				CLANG_WARN_OBJC_ROOT_CLASS = YES_ERROR;
				CLANG_WARN__DUPLICATE_METHOD_MATCH = YES;
				COPY_PHASE_STRIP = NO;
				GCC_C_LANGUAGE_STANDARD = gnu99;
				GCC_DYNAMIC_NO_PIC = NO;
				GCC_ENABLE_OBJC_EXCEPTIONS = YES;
				GCC_OPTIMIZATION_LEVEL = 0;
				GCC_PREPROCESSOR_DEFINITIONS = (
					"DEBUG=1",
					"$(inherited)",
				);
				GCC_SYMBOLS_PRIVATE_EXTERN = NO;
				GCC_WARN_64_TO_32_BIT_CONVERSION = YES;
				GCC_WARN_ABOUT_RETURN_TYPE = YES_ERROR;
				GCC_WARN_UNDECLARED_SELECTOR = YES;
				GCC_WARN_UNINITIALIZED_AUTOS = YES_AGGRESSIVE;
				GCC_WARN_UNUSED_FUNCTION = YES;
				GCC_WARN_UNUSED_VARIABLE = YES;
				MACOSX_DEPLOYMENT_TARGET = 10.9;
				ONLY_ACTIVE_ARCH = YES;
				SDKROOT = macosx;
			};
			name = Debug;
		};
		26F689651996BD8500F3C69C /* Release */ = {
			isa = XCBuildConfiguration;
			buildSettings = {
				ALWAYS_SEARCH_USER_PATHS = NO;
				CLANG_CXX_LANGUAGE_STANDARD = "gnu++0x";
				CLANG_CXX_LIBRARY = "libc++";
				CLANG_ENABLE_MODULES = YES;
				CLANG_ENABLE_OBJC_ARC = YES;
				CLANG_WARN_BOOL_CONVERSION = YES;
				CLANG_WARN_CONSTANT_CONVERSION = YES;
				CLANG_WARN_DIRECT_OBJC_ISA_USAGE = YES_ERROR;
				CLANG_WARN_EMPTY_BODY = YES;
				CLANG_WARN_ENUM_CONVERSION = YES;
				CLANG_WARN_INT_CONVERSION = YES;
				CLANG_WARN_OBJC_ROOT_CLASS = YES_ERROR;
				CLANG_WARN__DUPLICATE_METHOD_MATCH = YES;
				COPY_PHASE_STRIP = YES;
				DEBUG_INFORMATION_FORMAT = "dwarf-with-dsym";
				ENABLE_NS_ASSERTIONS = NO;
				GCC_C_LANGUAGE_STANDARD = gnu99;
				GCC_ENABLE_OBJC_EXCEPTIONS = YES;
				GCC_WARN_64_TO_32_BIT_CONVERSION = YES;
				GCC_WARN_ABOUT_RETURN_TYPE = YES_ERROR;
				GCC_WARN_UNDECLARED_SELECTOR = YES;
				GCC_WARN_UNINITIALIZED_AUTOS = YES_AGGRESSIVE;
				GCC_WARN_UNUSED_FUNCTION = YES;
				GCC_WARN_UNUSED_VARIABLE = YES;
				MACOSX_DEPLOYMENT_TARGET = 10.9;
				SDKROOT = macosx;
			};
			name = Release;
		};
		26F689671996BD8500F3C69C /* Debug */ = {
			isa = XCBuildConfiguration;
			buildSettings = {
				PRODUCT_NAME = "$(TARGET_NAME)";
			};
			name = Debug;
		};
		26F689681996BD8500F3C69C /* Release */ = {
			isa = XCBuildConfiguration;
			buildSettings = {
				PRODUCT_NAME = "$(TARGET_NAME)";
			};
			name = Release;
		};
/* End XCBuildConfiguration section */

/* Begin XCConfigurationList section */
		26F689581996BD8500F3C69C /* Build configuration list for PBXProject "Sudoku Solver" */ = {
			isa = XCConfigurationList;
			buildConfigurations = (
				26F689641996BD8500F3C69C /* Debug */,
				26F689651996BD8500F3C69C /* Release */,
			);
			defaultConfigurationIsVisible = 0;
			defaultConfigurationName = Release;
		};
		26F689661996BD8500F3C69C /* Build configuration list for PBXNativeTarget "Sudoku Solver" */ = {
			isa = XCConfigurationList;
			buildConfigurations = (
				26F689671996BD8500F3C69C /* Debug */,
				26F689681996BD8500F3C69C /* Release */,
			);
			defaultConfigurationIsVisible = 0;
		};
/* End XCConfigurationList section */
	};
	rootObject = 26F689551996BD8500F3C69C /* Project object */;
}
